
Microsoft Visual Studio Solution File, Format Version 12.00
# Visual Studio Version 17
VisualStudioVersion = 17.14.36414.22
MinimumVisualStudioVersion = 10.0.40219.1
Project("{2150E333-8FDC-42A3-9474-1A3956D46DE8}") = "Services", "Services", "{02EA681E-C7D8-13C7-8484-4AC65E1B71E8}"
EndProject
Project("{2150E333-8FDC-42A3-9474-1A3956D46DE8}") = "Catalog", "Catalog", "{620485C0-0A67-41BD-B47C-E98ABE554A9F}"
EndProject
Project("{FAE04EC0-301F-11D3-BF4B-00C04F79EFBC}") = "MultiShop.Catalog", "MultiShop.Catalog\MultiShop.Catalog.csproj", "{46CBD234-AA57-444B-B31D-86F08454CF3E}"
EndProject
Project("{2150E333-8FDC-42A3-9474-1A3956D46DE8}") = "Discount", "Discount", "{320B0D51-B931-4D90-9519-A9507AEAA8C0}"
EndProject
Project("{FAE04EC0-301F-11D3-BF4B-00C04F79EFBC}") = "MultiShop.Discount", "MultiShop.Discount\MultiShop.Discount.csproj", "{6FC69BEA-D4F5-4A2E-BB35-A67BAF583AFE}"
EndProject
Project("{2150E333-8FDC-42A3-9474-1A3956D46DE8}") = "Order", "Order", "{8F7C3044-D3AA-46BD-9BF2-C97C41945DB1}"
EndProject
Project("{2150E333-8FDC-42A3-9474-1A3956D46DE8}") = "Core", "Core", "{4FB42471-1278-495D-9ACC-3BFEDEFEFC2B}"
EndProject
Project("{2150E333-8FDC-42A3-9474-1A3956D46DE8}") = "Infrastructure", "Infrastructure", "{EE797DE5-AB7E-4838-8BA9-846908582C4F}"
EndProject
Project("{2150E333-8FDC-42A3-9474-1A3956D46DE8}") = "Presentation", "Presentation", "{BF67A9C2-242F-4F04-966D-DE90B8CBE679}"
EndProject
Project("{FAE04EC0-301F-11D3-BF4B-00C04F79EFBC}") = "MultiShop.Order.Domain", "MultiShop.Order.Domain\MultiShop.Order.Domain.csproj", "{9685D46B-B7E6-4D28-924E-DAB8C7B96C6A}"
EndProject
Project("{FAE04EC0-301F-11D3-BF4B-00C04F79EFBC}") = "MultiShop.Order.Application", "MultiShop.Order.Application\MultiShop.Order.Application.csproj", "{9E70C0D8-C472-46C6-836E-F655F7500D5A}"
EndProject
Project("{FAE04EC0-301F-11D3-BF4B-00C04F79EFBC}") = "MultiShop.Order.Persistence", "MultiShop.Order.Persistence\MultiShop.Order.Persistence.csproj", "{3ADA7031-5988-45AF-A71C-6BC6048AE557}"
EndProject
Project("{FAE04EC0-301F-11D3-BF4B-00C04F79EFBC}") = "MultiShop.Order.WebApi", "MultiShop.Order.WebApi\MultiShop.Order.WebApi.csproj", "{8663DC5E-1B14-47CA-9659-53A3925535C5}"
EndProject
Project("{2150E333-8FDC-42A3-9474-1A3956D46DE8}") = "IdentityServer", "IdentityServer", "{1EFD28CD-9749-4945-ABEB-F1F79B044548}"
EndProject
Project("{FAE04EC0-301F-11D3-BF4B-00C04F79EFBC}") = "MultiShop.IdentityServer", "IdentityServer\MultiShop.IdentityServer\MultiShop.IdentityServer.csproj", "{EA14094F-FB55-5ABC-1402-B4229C4AD0B1}"
EndProject
Project("{2150E333-8FDC-42A3-9474-1A3956D46DE8}") = "Cargo", "Cargo", "{64379559-4144-4B72-AE8E-598DBC0CCE40}"
EndProject
Project("{FAE04EC0-301F-11D3-BF4B-00C04F79EFBC}") = "MultiShop.Cargo.BusinessLayer", "MultiShop.Cargo.BusinessLayer\MultiShop.Cargo.BusinessLayer.csproj", "{D4120301-9AD1-4609-8CE4-8214E772C8E7}"
EndProject
Project("{FAE04EC0-301F-11D3-BF4B-00C04F79EFBC}") = "MultiShop.Cargo.EntityLayer", "MultiShop.Cargo.EntityLayer\MultiShop.Cargo.EntityLayer.csproj", "{DA5349CB-A3DE-45D1-907C-252237D4E20F}"
EndProject
Project("{FAE04EC0-301F-11D3-BF4B-00C04F79EFBC}") = "MultiShop.Cargo.DataAccessLayer", "MultiShop.Cargo.DataAccessLayer\MultiShop.Cargo.DataAccessLayer.csproj", "{773853BC-EC81-433E-8174-BFE99C508606}"
EndProject
Project("{FAE04EC0-301F-11D3-BF4B-00C04F79EFBC}") = "MultiShop.Cargo.DtoLayer", "MultiShop.Cargo.DtoLayer\MultiShop.Cargo.DtoLayer.csproj", "{F728FACF-912C-4909-BF89-8A907FF28FEB}"
EndProject
Project("{FAE04EC0-301F-11D3-BF4B-00C04F79EFBC}") = "MultiShop.Cargo.WebApi", "MultiShop.Cargo.WebApi\MultiShop.Cargo.WebApi.csproj", "{099E5824-220E-459B-9A06-1521D15A03B5}"
EndProject
Project("{2150E333-8FDC-42A3-9474-1A3956D46DE8}") = "Basket", "Basket", "{CB87CDE7-714B-4C0B-BB8D-B9647DE077D1}"
EndProject
Project("{FAE04EC0-301F-11D3-BF4B-00C04F79EFBC}") = "MultiShop.Basket", "MultiShop.Basket\MultiShop.Basket.csproj", "{464C4025-2FFB-4174-9575-F92140B6BDB0}"
EndProject
Global
	GlobalSection(SolutionConfigurationPlatforms) = preSolution
		Debug|Any CPU = Debug|Any CPU
		Release|Any CPU = Release|Any CPU
	EndGlobalSection
	GlobalSection(ProjectConfigurationPlatforms) = postSolution
		{46CBD234-AA57-444B-B31D-86F08454CF3E}.Debug|Any CPU.ActiveCfg = Debug|Any CPU
		{46CBD234-AA57-444B-B31D-86F08454CF3E}.Debug|Any CPU.Build.0 = Debug|Any CPU
		{46CBD234-AA57-444B-B31D-86F08454CF3E}.Release|Any CPU.ActiveCfg = Release|Any CPU
		{46CBD234-AA57-444B-B31D-86F08454CF3E}.Release|Any CPU.Build.0 = Release|Any CPU
		{6FC69BEA-D4F5-4A2E-BB35-A67BAF583AFE}.Debug|Any CPU.ActiveCfg = Debug|Any CPU
		{6FC69BEA-D4F5-4A2E-BB35-A67BAF583AFE}.Debug|Any CPU.Build.0 = Debug|Any CPU
		{6FC69BEA-D4F5-4A2E-BB35-A67BAF583AFE}.Release|Any CPU.ActiveCfg = Release|Any CPU
		{6FC69BEA-D4F5-4A2E-BB35-A67BAF583AFE}.Release|Any CPU.Build.0 = Release|Any CPU
		{9685D46B-B7E6-4D28-924E-DAB8C7B96C6A}.Debug|Any CPU.ActiveCfg = Debug|Any CPU
		{9685D46B-B7E6-4D28-924E-DAB8C7B96C6A}.Debug|Any CPU.Build.0 = Debug|Any CPU
		{9685D46B-B7E6-4D28-924E-DAB8C7B96C6A}.Release|Any CPU.ActiveCfg = Release|Any CPU
		{9685D46B-B7E6-4D28-924E-DAB8C7B96C6A}.Release|Any CPU.Build.0 = Release|Any CPU
		{9E70C0D8-C472-46C6-836E-F655F7500D5A}.Debug|Any CPU.ActiveCfg = Debug|Any CPU
		{9E70C0D8-C472-46C6-836E-F655F7500D5A}.Debug|Any CPU.Build.0 = Debug|Any CPU
		{9E70C0D8-C472-46C6-836E-F655F7500D5A}.Release|Any CPU.ActiveCfg = Release|Any CPU
		{9E70C0D8-C472-46C6-836E-F655F7500D5A}.Release|Any CPU.Build.0 = Release|Any CPU
		{3ADA7031-5988-45AF-A71C-6BC6048AE557}.Debug|Any CPU.ActiveCfg = Debug|Any CPU
		{3ADA7031-5988-45AF-A71C-6BC6048AE557}.Debug|Any CPU.Build.0 = Debug|Any CPU
		{3ADA7031-5988-45AF-A71C-6BC6048AE557}.Release|Any CPU.ActiveCfg = Release|Any CPU
		{3ADA7031-5988-45AF-A71C-6BC6048AE557}.Release|Any CPU.Build.0 = Release|Any CPU
		{8663DC5E-1B14-47CA-9659-53A3925535C5}.Debug|Any CPU.ActiveCfg = Debug|Any CPU
		{8663DC5E-1B14-47CA-9659-53A3925535C5}.Debug|Any CPU.Build.0 = Debug|Any CPU
		{8663DC5E-1B14-47CA-9659-53A3925535C5}.Release|Any CPU.ActiveCfg = Release|Any CPU
		{8663DC5E-1B14-47CA-9659-53A3925535C5}.Release|Any CPU.Build.0 = Release|Any CPU
		{EA14094F-FB55-5ABC-1402-B4229C4AD0B1}.Debug|Any CPU.ActiveCfg = Debug|Any CPU
		{EA14094F-FB55-5ABC-1402-B4229C4AD0B1}.Debug|Any CPU.Build.0 = Debug|Any CPU
		{EA14094F-FB55-5ABC-1402-B4229C4AD0B1}.Release|Any CPU.ActiveCfg = Release|Any CPU
		{EA14094F-FB55-5ABC-1402-B4229C4AD0B1}.Release|Any CPU.Build.0 = Release|Any CPU
		{D4120301-9AD1-4609-8CE4-8214E772C8E7}.Debug|Any CPU.ActiveCfg = Debug|Any CPU
		{D4120301-9AD1-4609-8CE4-8214E772C8E7}.Debug|Any CPU.Build.0 = Debug|Any CPU
		{D4120301-9AD1-4609-8CE4-8214E772C8E7}.Release|Any CPU.ActiveCfg = Release|Any CPU
		{D4120301-9AD1-4609-8CE4-8214E772C8E7}.Release|Any CPU.Build.0 = Release|Any CPU
		{DA5349CB-A3DE-45D1-907C-252237D4E20F}.Debug|Any CPU.ActiveCfg = Debug|Any CPU
		{DA5349CB-A3DE-45D1-907C-252237D4E20F}.Debug|Any CPU.Build.0 = Debug|Any CPU
		{DA5349CB-A3DE-45D1-907C-252237D4E20F}.Release|Any CPU.ActiveCfg = Release|Any CPU
		{DA5349CB-A3DE-45D1-907C-252237D4E20F}.Release|Any CPU.Build.0 = Release|Any CPU
		{773853BC-EC81-433E-8174-BFE99C508606}.Debug|Any CPU.ActiveCfg = Debug|Any CPU
		{773853BC-EC81-433E-8174-BFE99C508606}.Debug|Any CPU.Build.0 = Debug|Any CPU
		{773853BC-EC81-433E-8174-BFE99C508606}.Release|Any CPU.ActiveCfg = Release|Any CPU
		{773853BC-EC81-433E-8174-BFE99C508606}.Release|Any CPU.Build.0 = Release|Any CPU
		{F728FACF-912C-4909-BF89-8A907FF28FEB}.Debug|Any CPU.ActiveCfg = Debug|Any CPU
		{F728FACF-912C-4909-BF89-8A907FF28FEB}.Debug|Any CPU.Build.0 = Debug|Any CPU
		{F728FACF-912C-4909-BF89-8A907FF28FEB}.Release|Any CPU.ActiveCfg = Release|Any CPU
		{F728FACF-912C-4909-BF89-8A907FF28FEB}.Release|Any CPU.Build.0 = Release|Any CPU
		{099E5824-220E-459B-9A06-1521D15A03B5}.Debug|Any CPU.ActiveCfg = Debug|Any CPU
		{099E5824-220E-459B-9A06-1521D15A03B5}.Debug|Any CPU.Build.0 = Debug|Any CPU
		{099E5824-220E-459B-9A06-1521D15A03B5}.Release|Any CPU.ActiveCfg = Release|Any CPU
		{099E5824-220E-459B-9A06-1521D15A03B5}.Release|Any CPU.Build.0 = Release|Any CPU
		{464C4025-2FFB-4174-9575-F92140B6BDB0}.Debug|Any CPU.ActiveCfg = Debug|Any CPU
		{464C4025-2FFB-4174-9575-F92140B6BDB0}.Debug|Any CPU.Build.0 = Debug|Any CPU
		{464C4025-2FFB-4174-9575-F92140B6BDB0}.Release|Any CPU.ActiveCfg = Release|Any CPU
		{464C4025-2FFB-4174-9575-F92140B6BDB0}.Release|Any CPU.Build.0 = Release|Any CPU
	EndGlobalSection
	GlobalSection(SolutionProperties) = preSolution
		HideSolutionNode = FALSE
	EndGlobalSection
	GlobalSection(NestedProjects) = preSolution
		{620485C0-0A67-41BD-B47C-E98ABE554A9F} = {02EA681E-C7D8-13C7-8484-4AC65E1B71E8}
		{46CBD234-AA57-444B-B31D-86F08454CF3E} = {620485C0-0A67-41BD-B47C-E98ABE554A9F}
		{320B0D51-B931-4D90-9519-A9507AEAA8C0} = {02EA681E-C7D8-13C7-8484-4AC65E1B71E8}
		{6FC69BEA-D4F5-4A2E-BB35-A67BAF583AFE} = {320B0D51-B931-4D90-9519-A9507AEAA8C0}
		{8F7C3044-D3AA-46BD-9BF2-C97C41945DB1} = {02EA681E-C7D8-13C7-8484-4AC65E1B71E8}
		{4FB42471-1278-495D-9ACC-3BFEDEFEFC2B} = {8F7C3044-D3AA-46BD-9BF2-C97C41945DB1}
		{EE797DE5-AB7E-4838-8BA9-846908582C4F} = {8F7C3044-D3AA-46BD-9BF2-C97C41945DB1}
		{BF67A9C2-242F-4F04-966D-DE90B8CBE679} = {8F7C3044-D3AA-46BD-9BF2-C97C41945DB1}
		{9685D46B-B7E6-4D28-924E-DAB8C7B96C6A} = {4FB42471-1278-495D-9ACC-3BFEDEFEFC2B}
		{9E70C0D8-C472-46C6-836E-F655F7500D5A} = {4FB42471-1278-495D-9ACC-3BFEDEFEFC2B}
		{3ADA7031-5988-45AF-A71C-6BC6048AE557} = {EE797DE5-AB7E-4838-8BA9-846908582C4F}
		{8663DC5E-1B14-47CA-9659-53A3925535C5} = {BF67A9C2-242F-4F04-966D-DE90B8CBE679}
		{EA14094F-FB55-5ABC-1402-B4229C4AD0B1} = {1EFD28CD-9749-4945-ABEB-F1F79B044548}
		{64379559-4144-4B72-AE8E-598DBC0CCE40} = {02EA681E-C7D8-13C7-8484-4AC65E1B71E8}
		{D4120301-9AD1-4609-8CE4-8214E772C8E7} = {64379559-4144-4B72-AE8E-598DBC0CCE40}
		{DA5349CB-A3DE-45D1-907C-252237D4E20F} = {64379559-4144-4B72-AE8E-598DBC0CCE40}
		{773853BC-EC81-433E-8174-BFE99C508606} = {64379559-4144-4B72-AE8E-598DBC0CCE40}
		{F728FACF-912C-4909-BF89-8A907FF28FEB} = {64379559-4144-4B72-AE8E-598DBC0CCE40}
		{099E5824-220E-459B-9A06-1521D15A03B5} = {64379559-4144-4B72-AE8E-598DBC0CCE40}
		{CB87CDE7-714B-4C0B-BB8D-B9647DE077D1} = {02EA681E-C7D8-13C7-8484-4AC65E1B71E8}
		{464C4025-2FFB-4174-9575-F92140B6BDB0} = {CB87CDE7-714B-4C0B-BB8D-B9647DE077D1}
	EndGlobalSection
	GlobalSection(ExtensibilityGlobals) = postSolution
		SolutionGuid = {764266E2-8F96-4B9E-AF91-754A93678544}
	EndGlobalSection
EndGlobal
